{
  "originHash" : "c53605b374555bbb0c449c0a959994ac3e6677149ef61584da73cf2a4e39a8db",
  "pins" : [
    {
      "identity" : "arvideokit",
      "kind" : "remoteSourceControl",
      "location" : "https://github.com/AFathi/ARVideoKit",
      "state" : {
        "branch" : "swift_5",
        "revision" : "b923fac2f90621c8156978ec8f3aceecb12bfbeb"
      }
    }
  ],
  "version" : 3
}
